
Microsoft Visual Studio Solution File, Format Version 12.00
# Visual Studio Version 17
VisualStudioVersion = 17.5.002.0
MinimumVisualStudioVersion = 10.0.40219.1
Project("{9A19103F-16F7-4668-BE54-9A1E7A4F7556}") = "Personagem", "Personagem.csproj", "{DC89F1FF-3552-49D4-AD5D-F3BDC4B0C023}"
EndProject
Global
	GlobalSection(SolutionConfigurationPlatforms) = preSolution
		Debug|Any CPU = Debug|Any CPU
		Release|Any CPU = Release|Any CPU
	EndGlobalSection
	GlobalSection(ProjectConfigurationPlatforms) = postSolution
		{DC89F1FF-3552-49D4-AD5D-F3BDC4B0C023}.Debug|Any CPU.ActiveCfg = Debug|Any CPU
		{DC89F1FF-3552-49D4-AD5D-F3BDC4B0C023}.Debug|Any CPU.Build.0 = Debug|Any CPU
		{DC89F1FF-3552-49D4-AD5D-F3BDC4B0C023}.Release|Any CPU.ActiveCfg = Release|Any CPU
		{DC89F1FF-3552-49D4-AD5D-F3BDC4B0C023}.Release|Any CPU.Build.0 = Release|Any CPU
	EndGlobalSection
	GlobalSection(SolutionProperties) = preSolution
		HideSolutionNode = FALSE
	EndGlobalSection
	GlobalSection(ExtensibilityGlobals) = postSolution
		SolutionGuid = {78959134-DD8A-48C2-B20D-F20452FE9E36}
	EndGlobalSection
EndGlobal
