
Microsoft Visual Studio Solution File, Format Version 12.00
# Visual Studio Version 17
VisualStudioVersion = 17.5.002.0
MinimumVisualStudioVersion = 10.0.40219.1
Project("{9A19103F-16F7-4668-BE54-9A1E7A4F7556}") = "CONTRUTORES", "CONTRUTORES.csproj", "{32524858-1F32-4729-8F6B-8A25F2F9750E}"
EndProject
Global
	GlobalSection(SolutionConfigurationPlatforms) = preSolution
		Debug|Any CPU = Debug|Any CPU
		Release|Any CPU = Release|Any CPU
	EndGlobalSection
	GlobalSection(ProjectConfigurationPlatforms) = postSolution
		{32524858-1F32-4729-8F6B-8A25F2F9750E}.Debug|Any CPU.ActiveCfg = Debug|Any CPU
		{32524858-1F32-4729-8F6B-8A25F2F9750E}.Debug|Any CPU.Build.0 = Debug|Any CPU
		{32524858-1F32-4729-8F6B-8A25F2F9750E}.Release|Any CPU.ActiveCfg = Release|Any CPU
		{32524858-1F32-4729-8F6B-8A25F2F9750E}.Release|Any CPU.Build.0 = Release|Any CPU
	EndGlobalSection
	GlobalSection(SolutionProperties) = preSolution
		HideSolutionNode = FALSE
	EndGlobalSection
	GlobalSection(ExtensibilityGlobals) = postSolution
		SolutionGuid = {E25CF282-6627-40E6-A90B-1BC6BEB4D6A5}
	EndGlobalSection
EndGlobal
